
Microsoft Visual Studio Solution File, Format Version 12.00
# Visual Studio Version 18
VisualStudioVersion = 18.5.11716.220
MinimumVisualStudioVersion = 10.0.40219.1
Project("{FAE04EC0-301F-11D3-BF4B-00C04F79EFBC}") = "ricetta_dematerializzata_dll", "ricetta_dematerializzata_dll\ricetta_dematerializzata_dll.csproj", "{5ECE16FD-1483-7CA1-DFFB-0CC4DD833CD8}"
EndProject
Project("{FAE04EC0-301F-11D3-BF4B-00C04F79EFBC}") = "ricetta_dematerializzata_test_ui", "ricetta_dematerializzata_test\ricetta_dematerializzata_test_ui.csproj", "{F1921CDB-8311-D7E3-A2AD-6C7342FDE724}"
EndProject
Global
	GlobalSection(SolutionConfigurationPlatforms) = preSolution
		Debug|Any CPU = Debug|Any CPU
		Release|Any CPU = Release|Any CPU
	EndGlobalSection
	GlobalSection(ProjectConfigurationPlatforms) = postSolution
		{5ECE16FD-1483-7CA1-DFFB-0CC4DD833CD8}.Debug|Any CPU.ActiveCfg = Debug|Any CPU
		{5ECE16FD-1483-7CA1-DFFB-0CC4DD833CD8}.Debug|Any CPU.Build.0 = Debug|Any CPU
		{5ECE16FD-1483-7CA1-DFFB-0CC4DD833CD8}.Release|Any CPU.ActiveCfg = Release|Any CPU
		{5ECE16FD-1483-7CA1-DFFB-0CC4DD833CD8}.Release|Any CPU.Build.0 = Release|Any CPU
		{F1921CDB-8311-D7E3-A2AD-6C7342FDE724}.Debug|Any CPU.ActiveCfg = Debug|Any CPU
		{F1921CDB-8311-D7E3-A2AD-6C7342FDE724}.Debug|Any CPU.Build.0 = Debug|Any CPU
		{F1921CDB-8311-D7E3-A2AD-6C7342FDE724}.Release|Any CPU.ActiveCfg = Release|Any CPU
		{F1921CDB-8311-D7E3-A2AD-6C7342FDE724}.Release|Any CPU.Build.0 = Release|Any CPU
	EndGlobalSection
	GlobalSection(SolutionProperties) = preSolution
		HideSolutionNode = FALSE
	EndGlobalSection
	GlobalSection(ExtensibilityGlobals) = postSolution
		SolutionGuid = {EE3B2245-D83C-4768-9A96-E1CB1AC1EB92}
	EndGlobalSection
EndGlobal
